
Microsoft Visual Studio Solution File, Format Version 12.00
# Visual Studio Version 16
VisualStudioVersion = 16.0.30114.105
MinimumVisualStudioVersion = 10.0.40219.1
Project("{FAE04EC0-301F-11D3-BF4B-00C04F79EFBC}") = "LeaveManagementCourse", "LeaveManagementCourse\LeaveManagementCourse.csproj", "{FE339783-CCEC-410C-A7D7-CCAEF328404A}"
EndProject
Global
	GlobalSection(SolutionConfigurationPlatforms) = preSolution
		Debug|Any CPU = Debug|Any CPU
		Release|Any CPU = Release|Any CPU
	EndGlobalSection
	GlobalSection(ProjectConfigurationPlatforms) = postSolution
		{FE339783-CCEC-410C-A7D7-CCAEF328404A}.Debug|Any CPU.ActiveCfg = Debug|Any CPU
		{FE339783-CCEC-410C-A7D7-CCAEF328404A}.Debug|Any CPU.Build.0 = Debug|Any CPU
		{FE339783-CCEC-410C-A7D7-CCAEF328404A}.Release|Any CPU.ActiveCfg = Release|Any CPU
		{FE339783-CCEC-410C-A7D7-CCAEF328404A}.Release|Any CPU.Build.0 = Release|Any CPU
	EndGlobalSection
	GlobalSection(SolutionProperties) = preSolution
		HideSolutionNode = FALSE
	EndGlobalSection
	GlobalSection(ExtensibilityGlobals) = postSolution
		SolutionGuid = {5A43CE23-AD35-4F7D-96EA-5BB3181179C7}
	EndGlobalSection
EndGlobal
